
Microsoft Visual Studio Solution File, Format Version 12.00
# Visual Studio Version 17
VisualStudioVersion = 17.5.33530.505
MinimumVisualStudioVersion = 10.0.40219.1
Project("{FAE04EC0-301F-11D3-BF4B-00C04F79EFBC}") = "Furniture Store", "Furniture Store\Furniture Store.csproj", "{AEAFA3A6-70A6-4ABB-9E1A-F5874561D6F4}"
EndProject
Global
	GlobalSection(SolutionConfigurationPlatforms) = preSolution
		Debug|Any CPU = Debug|Any CPU
		Release|Any CPU = Release|Any CPU
	EndGlobalSection
	GlobalSection(ProjectConfigurationPlatforms) = postSolution
		{AEAFA3A6-70A6-4ABB-9E1A-F5874561D6F4}.Debug|Any CPU.ActiveCfg = Debug|Any CPU
		{AEAFA3A6-70A6-4ABB-9E1A-F5874561D6F4}.Debug|Any CPU.Build.0 = Debug|Any CPU
		{AEAFA3A6-70A6-4ABB-9E1A-F5874561D6F4}.Release|Any CPU.ActiveCfg = Release|Any CPU
		{AEAFA3A6-70A6-4ABB-9E1A-F5874561D6F4}.Release|Any CPU.Build.0 = Release|Any CPU
	EndGlobalSection
	GlobalSection(SolutionProperties) = preSolution
		HideSolutionNode = FALSE
	EndGlobalSection
	GlobalSection(ExtensibilityGlobals) = postSolution
		SolutionGuid = {6F22CB50-3C5B-454B-ADB5-E5FD6E67CFAD}
	EndGlobalSection
EndGlobal
